
Microsoft Visual Studio Solution File, Format Version 12.00
# Visual Studio 15
VisualStudioVersion = 15.0.27130.2003
MinimumVisualStudioVersion = 10.0.40219.1
Project("{FAE04EC0-301F-11D3-BF4B-00C04F79EFBC}") = "WinformBubble", "WinformBubble\WinformBubble.csproj", "{AEAE1388-742D-4D09-B336-744C5A0A0047}"
EndProject
Global
	GlobalSection(SolutionConfigurationPlatforms) = preSolution
		Debug|Any CPU = Debug|Any CPU
		Release|Any CPU = Release|Any CPU
	EndGlobalSection
	GlobalSection(ProjectConfigurationPlatforms) = postSolution
		{AEAE1388-742D-4D09-B336-744C5A0A0047}.Debug|Any CPU.ActiveCfg = Debug|Any CPU
		{AEAE1388-742D-4D09-B336-744C5A0A0047}.Debug|Any CPU.Build.0 = Debug|Any CPU
		{AEAE1388-742D-4D09-B336-744C5A0A0047}.Release|Any CPU.ActiveCfg = Release|Any CPU
		{AEAE1388-742D-4D09-B336-744C5A0A0047}.Release|Any CPU.Build.0 = Release|Any CPU
	EndGlobalSection
	GlobalSection(SolutionProperties) = preSolution
		HideSolutionNode = FALSE
	EndGlobalSection
	GlobalSection(ExtensibilityGlobals) = postSolution
		SolutionGuid = {C2F8BCB2-04AD-494B-8B89-519D0CABE48A}
	EndGlobalSection
EndGlobal
